<Solution>
  <Folder Name="/Aspire/">
    <Project Path="Aspire/Meridian.AppHost/Meridian.AppHost.csproj" />
    <Project Path="Aspire/Meridian.ServiceDefaults/Meridian.ServiceDefaults.csproj" />
  </Folder>
  <Folder Name="/Common/">
    <Project Path="Common/Meridian.DataAccess/Meridian.DataAccess.csproj" Id="536cf76f-b767-4c75-b578-4e47db7ab3da" />
    <Project Path="Common/Meridian.Services/Meridian.Services.csproj" Id="bd28a2d7-4cbc-408e-a354-08a9ed9ed041" />
  </Folder>
  <Folder Name="/Identity/">
    <Project Path="Identity/Meridian.IdentityServer/Meridian.IdentityServer.csproj" />
  </Folder>
  <Folder Name="/Apps/">
    <Project Path="Apps/Meridian.ExpensePortal/Meridian.ExpensePortal.csproj" />
  </Folder>
  <Folder Name="/Services/">
    <Project Path="Services/Meridian.Expenses.Api/Meridian.Expenses.Api.csproj" />
    <Project Path="Services/Meridian.Receipts.Api/Meridian.Receipts.Api.csproj" />
    <Project Path="Services/Meridian.Reporting.Api/Meridian.Reporting.Api.csproj" />
  </Folder>
  <Folder Name="/Authorization/">
    <Project Path="Authorization/AuthZen.Contracts/AuthZen.Contracts.csproj" />
    <Project Path="Authorization/AuthZen.Pep/AuthZen.Pep.csproj" />
    <Project Path="Authorization/Meridian.Pdp.Service/Meridian.Pdp.Service.csproj" />
  </Folder>
  <Folder Name="/Tests/">
    <Project Path="Tests/Meridian.AuthZen.ConformanceTests/Meridian.AuthZen.ConformanceTests.csproj" />
    <Project Path="Tests/Meridian.UnitTests/Meridian.UnitTests.csproj" />
  </Folder>
</Solution>
